
Microsoft Visual Studio Solution File, Format Version 12.00
# Visual Studio Version 17
VisualStudioVersion = 17.4.33403.182
MinimumVisualStudioVersion = 10.0.40219.1
Project("{FAE04EC0-301F-11D3-BF4B-00C04F79EFBC}") = "projeto2", "projeto2\projeto2.csproj", "{D7139650-596B-48DE-9D89-B56855F47920}"
EndProject
Global
	GlobalSection(SolutionConfigurationPlatforms) = preSolution
		Debug|Any CPU = Debug|Any CPU
		Release|Any CPU = Release|Any CPU
	EndGlobalSection
	GlobalSection(ProjectConfigurationPlatforms) = postSolution
		{D7139650-596B-48DE-9D89-B56855F47920}.Debug|Any CPU.ActiveCfg = Debug|Any CPU
		{D7139650-596B-48DE-9D89-B56855F47920}.Debug|Any CPU.Build.0 = Debug|Any CPU
		{D7139650-596B-48DE-9D89-B56855F47920}.Release|Any CPU.ActiveCfg = Release|Any CPU
		{D7139650-596B-48DE-9D89-B56855F47920}.Release|Any CPU.Build.0 = Release|Any CPU
	EndGlobalSection
	GlobalSection(SolutionProperties) = preSolution
		HideSolutionNode = FALSE
	EndGlobalSection
	GlobalSection(ExtensibilityGlobals) = postSolution
		SolutionGuid = {85AAE57A-3A0C-4F02-85A9-BDF6FC09B1E4}
	EndGlobalSection
EndGlobal
